
Microsoft Visual Studio Solution File, Format Version 12.00
# Visual Studio Version 17
VisualStudioVersion = 17.11.35327.3
MinimumVisualStudioVersion = 10.0.40219.1
Project("{FAE04EC0-301F-11D3-BF4B-00C04F79EFBC}") = "uppgift3.1", "uppgift3.1\uppgift3.1.csproj", "{F129455B-4810-4E67-A48D-2695F7BC1759}"
EndProject
Global
	GlobalSection(SolutionConfigurationPlatforms) = preSolution
		Debug|Any CPU = Debug|Any CPU
		Release|Any CPU = Release|Any CPU
	EndGlobalSection
	GlobalSection(ProjectConfigurationPlatforms) = postSolution
		{F129455B-4810-4E67-A48D-2695F7BC1759}.Debug|Any CPU.ActiveCfg = Debug|Any CPU
		{F129455B-4810-4E67-A48D-2695F7BC1759}.Debug|Any CPU.Build.0 = Debug|Any CPU
		{F129455B-4810-4E67-A48D-2695F7BC1759}.Release|Any CPU.ActiveCfg = Release|Any CPU
		{F129455B-4810-4E67-A48D-2695F7BC1759}.Release|Any CPU.Build.0 = Release|Any CPU
	EndGlobalSection
	GlobalSection(SolutionProperties) = preSolution
		HideSolutionNode = FALSE
	EndGlobalSection
	GlobalSection(ExtensibilityGlobals) = postSolution
		SolutionGuid = {8A242524-4A36-4208-8C69-1077A5DD33C4}
	EndGlobalSection
EndGlobal
